
Microsoft Visual Studio Solution File, Format Version 12.00
# Visual Studio Version 17
VisualStudioVersion = 17.14.36202.13 d17.14
MinimumVisualStudioVersion = 10.0.40219.1
Project("{FAE04EC0-301F-11D3-BF4B-00C04F79EFBC}") = "microondas-backend", "microondas-backend\microondas-backend.csproj", "{C5C48353-507E-46CE-A0F4-2A34B42643C4}"
EndProject
Global
	GlobalSection(SolutionConfigurationPlatforms) = preSolution
		Debug|Any CPU = Debug|Any CPU
		Release|Any CPU = Release|Any CPU
	EndGlobalSection
	GlobalSection(ProjectConfigurationPlatforms) = postSolution
		{C5C48353-507E-46CE-A0F4-2A34B42643C4}.Debug|Any CPU.ActiveCfg = Debug|Any CPU
		{C5C48353-507E-46CE-A0F4-2A34B42643C4}.Debug|Any CPU.Build.0 = Debug|Any CPU
		{C5C48353-507E-46CE-A0F4-2A34B42643C4}.Release|Any CPU.ActiveCfg = Release|Any CPU
		{C5C48353-507E-46CE-A0F4-2A34B42643C4}.Release|Any CPU.Build.0 = Release|Any CPU
	EndGlobalSection
	GlobalSection(SolutionProperties) = preSolution
		HideSolutionNode = FALSE
	EndGlobalSection
	GlobalSection(ExtensibilityGlobals) = postSolution
		SolutionGuid = {ABF985EC-C9C1-4533-B791-74E1B44D8662}
	EndGlobalSection
EndGlobal
